
Microsoft Visual Studio Solution File, Format Version 12.00
# Visual Studio 14
VisualStudioVersion = 14.0.25420.1
MinimumVisualStudioVersion = 10.0.40219.1
Project("{FAE04EC0-301F-11D3-BF4B-00C04F79EFBC}") = "SmartBraceletAlert1", "SmartBraceletAlert1\SmartBraceletAlert1\SmartBraceletAlert1.csproj", "{7021E717-82E2-40F2-B5F9-B322F37D56AE}"
EndProject
Project("{FAE04EC0-301F-11D3-BF4B-00C04F79EFBC}") = "SmartBraceletAlert1.Droid", "SmartBraceletAlert1\SmartBraceletAlert1.Droid\SmartBraceletAlert1.Droid.csproj", "{CD038FFE-8987-4639-BE78-E62E3EBCD98E}"
EndProject
Project("{FAE04EC0-301F-11D3-BF4B-00C04F79EFBC}") = "SmartBraceletAlert1.iOS", "SmartBraceletAlert1\SmartBraceletAlert1.iOS\SmartBraceletAlert1.iOS.csproj", "{AD9814ED-BF57-489C-B55D-42216D982472}"
EndProject
Project("{FAE04EC0-301F-11D3-BF4B-00C04F79EFBC}") = "SmartBraceletAlert1.WinPhone", "SmartBraceletAlert1\SmartBraceletAlert1.WinPhone\SmartBraceletAlert1.WinPhone.csproj", "{F6013F5B-9BB0-4131-AF87-3C7F0F22BDD0}"
EndProject
Project("{FAE04EC0-301F-11D3-BF4B-00C04F79EFBC}") = "SmartBraceletAlert1.Windows", "SmartBraceletAlert1\SmartBraceletAlert1.Windows\SmartBraceletAlert1.Windows.csproj", "{D40FA8B7-8697-4724-A7D5-D0F221DA8113}"
EndProject
Global
	GlobalSection(SolutionConfigurationPlatforms) = preSolution
		Ad-Hoc|Any CPU = Ad-Hoc|Any CPU
		Ad-Hoc|ARM = Ad-Hoc|ARM
		Ad-Hoc|iPhone = Ad-Hoc|iPhone
		Ad-Hoc|iPhoneSimulator = Ad-Hoc|iPhoneSimulator
		Ad-Hoc|x64 = Ad-Hoc|x64
		Ad-Hoc|x86 = Ad-Hoc|x86
		AppStore|Any CPU = AppStore|Any CPU
		AppStore|ARM = AppStore|ARM
		AppStore|iPhone = AppStore|iPhone
		AppStore|iPhoneSimulator = AppStore|iPhoneSimulator
		AppStore|x64 = AppStore|x64
		AppStore|x86 = AppStore|x86
		Debug|Any CPU = Debug|Any CPU
		Debug|ARM = Debug|ARM
		Debug|iPhone = Debug|iPhone
		Debug|iPhoneSimulator = Debug|iPhoneSimulator
		Debug|x64 = Debug|x64
		Debug|x86 = Debug|x86
		Release|Any CPU = Release|Any CPU
		Release|ARM = Release|ARM
		Release|iPhone = Release|iPhone
		Release|iPhoneSimulator = Release|iPhoneSimulator
		Release|x64 = Release|x64
		Release|x86 = Release|x86
	EndGlobalSection
	GlobalSection(ProjectConfigurationPlatforms) = postSolution
		{7021E717-82E2-40F2-B5F9-B322F37D56AE}.Ad-Hoc|Any CPU.ActiveCfg = Release|Any CPU
		{7021E717-82E2-40F2-B5F9-B322F37D56AE}.Ad-Hoc|Any CPU.Build.0 = Release|Any CPU
		{7021E717-82E2-40F2-B5F9-B322F37D56AE}.Ad-Hoc|ARM.ActiveCfg = Release|Any CPU
		{7021E717-82E2-40F2-B5F9-B322F37D56AE}.Ad-Hoc|ARM.Build.0 = Release|Any CPU
		{7021E717-82E2-40F2-B5F9-B322F37D56AE}.Ad-Hoc|iPhone.ActiveCfg = Release|Any CPU
		{7021E717-82E2-40F2-B5F9-B322F37D56AE}.Ad-Hoc|iPhone.Build.0 = Release|Any CPU
		{7021E717-82E2-40F2-B5F9-B322F37D56AE}.Ad-Hoc|iPhoneSimulator.ActiveCfg = Release|Any CPU
		{7021E717-82E2-40F2-B5F9-B322F37D56AE}.Ad-Hoc|iPhoneSimulator.Build.0 = Release|Any CPU
		{7021E717-82E2-40F2-B5F9-B322F37D56AE}.Ad-Hoc|x64.ActiveCfg = Release|Any CPU
		{7021E717-82E2-40F2-B5F9-B322F37D56AE}.Ad-Hoc|x64.Build.0 = Release|Any CPU
		{7021E717-82E2-40F2-B5F9-B322F37D56AE}.Ad-Hoc|x86.ActiveCfg = Release|Any CPU
		{7021E717-82E2-40F2-B5F9-B322F37D56AE}.Ad-Hoc|x86.Build.0 = Release|Any CPU
		{7021E717-82E2-40F2-B5F9-B322F37D56AE}.AppStore|Any CPU.ActiveCfg = Release|Any CPU
		{7021E717-82E2-40F2-B5F9-B322F37D56AE}.AppStore|Any CPU.Build.0 = Release|Any CPU
		{7021E717-82E2-40F2-B5F9-B322F37D56AE}.AppStore|ARM.ActiveCfg = Release|Any CPU
		{7021E717-82E2-40F2-B5F9-B322F37D56AE}.AppStore|ARM.Build.0 = Release|Any CPU
		{7021E717-82E2-40F2-B5F9-B322F37D56AE}.AppStore|iPhone.ActiveCfg = Release|Any CPU
		{7021E717-82E2-40F2-B5F9-B322F37D56AE}.AppStore|iPhone.Build.0 = Release|Any CPU
		{7021E717-82E2-40F2-B5F9-B322F37D56AE}.AppStore|iPhoneSimulator.ActiveCfg = Release|Any CPU
		{7021E717-82E2-40F2-B5F9-B322F37D56AE}.AppStore|iPhoneSimulator.Build.0 = Release|Any CPU
		{7021E717-82E2-40F2-B5F9-B322F37D56AE}.AppStore|x64.ActiveCfg = Release|Any CPU
		{7021E717-82E2-40F2-B5F9-B322F37D56AE}.AppStore|x64.Build.0 = Release|Any CPU
		{7021E717-82E2-40F2-B5F9-B322F37D56AE}.AppStore|x86.ActiveCfg = Release|Any CPU
		{7021E717-82E2-40F2-B5F9-B322F37D56AE}.AppStore|x86.Build.0 = Release|Any CPU
		{7021E717-82E2-40F2-B5F9-B322F37D56AE}.Debug|Any CPU.ActiveCfg = Debug|Any CPU
		{7021E717-82E2-40F2-B5F9-B322F37D56AE}.Debug|Any CPU.Build.0 = Debug|Any CPU
		{7021E717-82E2-40F2-B5F9-B322F37D56AE}.Debug|ARM.ActiveCfg = Debug|Any CPU
		{7021E717-82E2-40F2-B5F9-B322F37D56AE}.Debug|ARM.Build.0 = Debug|Any CPU
		{7021E717-82E2-40F2-B5F9-B322F37D56AE}.Debug|iPhone.ActiveCfg = Debug|Any CPU
		{7021E717-82E2-40F2-B5F9-B322F37D56AE}.Debug|iPhone.Build.0 = Debug|Any CPU
		{7021E717-82E2-40F2-B5F9-B322F37D56AE}.Debug|iPhoneSimulator.ActiveCfg = Debug|Any CPU
		{7021E717-82E2-40F2-B5F9-B322F37D56AE}.Debug|iPhoneSimulator.Build.0 = Debug|Any CPU
		{7021E717-82E2-40F2-B5F9-B322F37D56AE}.Debug|x64.ActiveCfg = Debug|Any CPU
		{7021E717-82E2-40F2-B5F9-B322F37D56AE}.Debug|x64.Build.0 = Debug|Any CPU
		{7021E717-82E2-40F2-B5F9-B322F37D56AE}.Debug|x86.ActiveCfg = Debug|Any CPU
		{7021E717-82E2-40F2-B5F9-B322F37D56AE}.Debug|x86.Build.0 = Debug|Any CPU
		{7021E717-82E2-40F2-B5F9-B322F37D56AE}.Release|Any CPU.ActiveCfg = Release|Any CPU
		{7021E717-82E2-40F2-B5F9-B322F37D56AE}.Release|Any CPU.Build.0 = Release|Any CPU
		{7021E717-82E2-40F2-B5F9-B322F37D56AE}.Release|ARM.ActiveCfg = Release|Any CPU
		{7021E717-82E2-40F2-B5F9-B322F37D56AE}.Release|ARM.Build.0 = Release|Any CPU
		{7021E717-82E2-40F2-B5F9-B322F37D56AE}.Release|iPhone.ActiveCfg = Release|Any CPU
		{7021E717-82E2-40F2-B5F9-B322F37D56AE}.Release|iPhone.Build.0 = Release|Any CPU
		{7021E717-82E2-40F2-B5F9-B322F37D56AE}.Release|iPhoneSimulator.ActiveCfg = Release|Any CPU
		{7021E717-82E2-40F2-B5F9-B322F37D56AE}.Release|iPhoneSimulator.Build.0 = Release|Any CPU
		{7021E717-82E2-40F2-B5F9-B322F37D56AE}.Release|x64.ActiveCfg = Release|Any CPU
		{7021E717-82E2-40F2-B5F9-B322F37D56AE}.Release|x64.Build.0 = Release|Any CPU
		{7021E717-82E2-40F2-B5F9-B322F37D56AE}.Release|x86.ActiveCfg = Release|Any CPU
		{7021E717-82E2-40F2-B5F9-B322F37D56AE}.Release|x86.Build.0 = Release|Any CPU
		{CD038FFE-8987-4639-BE78-E62E3EBCD98E}.Ad-Hoc|Any CPU.ActiveCfg = Release|Any CPU
		{CD038FFE-8987-4639-BE78-E62E3EBCD98E}.Ad-Hoc|Any CPU.Build.0 = Release|Any CPU
		{CD038FFE-8987-4639-BE78-E62E3EBCD98E}.Ad-Hoc|Any CPU.Deploy.0 = Release|Any CPU
		{CD038FFE-8987-4639-BE78-E62E3EBCD98E}.Ad-Hoc|ARM.ActiveCfg = Release|Any CPU
		{CD038FFE-8987-4639-BE78-E62E3EBCD98E}.Ad-Hoc|ARM.Build.0 = Release|Any CPU
		{CD038FFE-8987-4639-BE78-E62E3EBCD98E}.Ad-Hoc|ARM.Deploy.0 = Release|Any CPU
		{CD038FFE-8987-4639-BE78-E62E3EBCD98E}.Ad-Hoc|iPhone.ActiveCfg = Release|Any CPU
		{CD038FFE-8987-4639-BE78-E62E3EBCD98E}.Ad-Hoc|iPhone.Build.0 = Release|Any CPU
		{CD038FFE-8987-4639-BE78-E62E3EBCD98E}.Ad-Hoc|iPhone.Deploy.0 = Release|Any CPU
		{CD038FFE-8987-4639-BE78-E62E3EBCD98E}.Ad-Hoc|iPhoneSimulator.ActiveCfg = Release|Any CPU
		{CD038FFE-8987-4639-BE78-E62E3EBCD98E}.Ad-Hoc|iPhoneSimulator.Build.0 = Release|Any CPU
		{CD038FFE-8987-4639-BE78-E62E3EBCD98E}.Ad-Hoc|iPhoneSimulator.Deploy.0 = Release|Any CPU
		{CD038FFE-8987-4639-BE78-E62E3EBCD98E}.Ad-Hoc|x64.ActiveCfg = Release|Any CPU
		{CD038FFE-8987-4639-BE78-E62E3EBCD98E}.Ad-Hoc|x64.Build.0 = Release|Any CPU
		{CD038FFE-8987-4639-BE78-E62E3EBCD98E}.Ad-Hoc|x64.Deploy.0 = Release|Any CPU
		{CD038FFE-8987-4639-BE78-E62E3EBCD98E}.Ad-Hoc|x86.ActiveCfg = Release|Any CPU
		{CD038FFE-8987-4639-BE78-E62E3EBCD98E}.Ad-Hoc|x86.Build.0 = Release|Any CPU
		{CD038FFE-8987-4639-BE78-E62E3EBCD98E}.Ad-Hoc|x86.Deploy.0 = Release|Any CPU
		{CD038FFE-8987-4639-BE78-E62E3EBCD98E}.AppStore|Any CPU.ActiveCfg = Release|Any CPU
		{CD038FFE-8987-4639-BE78-E62E3EBCD98E}.AppStore|Any CPU.Build.0 = Release|Any CPU
		{CD038FFE-8987-4639-BE78-E62E3EBCD98E}.AppStore|Any CPU.Deploy.0 = Release|Any CPU
		{CD038FFE-8987-4639-BE78-E62E3EBCD98E}.AppStore|ARM.ActiveCfg = Release|Any CPU
		{CD038FFE-8987-4639-BE78-E62E3EBCD98E}.AppStore|ARM.Build.0 = Release|Any CPU
		{CD038FFE-8987-4639-BE78-E62E3EBCD98E}.AppStore|ARM.Deploy.0 = Release|Any CPU
		{CD038FFE-8987-4639-BE78-E62E3EBCD98E}.AppStore|iPhone.ActiveCfg = Release|Any CPU
		{CD038FFE-8987-4639-BE78-E62E3EBCD98E}.AppStore|iPhone.Build.0 = Release|Any CPU
		{CD038FFE-8987-4639-BE78-E62E3EBCD98E}.AppStore|iPhone.Deploy.0 = Release|Any CPU
		{CD038FFE-8987-4639-BE78-E62E3EBCD98E}.AppStore|iPhoneSimulator.ActiveCfg = Release|Any CPU
		{CD038FFE-8987-4639-BE78-E62E3EBCD98E}.AppStore|iPhoneSimulator.Build.0 = Release|Any CPU
		{CD038FFE-8987-4639-BE78-E62E3EBCD98E}.AppStore|iPhoneSimulator.Deploy.0 = Release|Any CPU
		{CD038FFE-8987-4639-BE78-E62E3EBCD98E}.AppStore|x64.ActiveCfg = Release|Any CPU
		{CD038FFE-8987-4639-BE78-E62E3EBCD98E}.AppStore|x64.Build.0 = Release|Any CPU
		{CD038FFE-8987-4639-BE78-E62E3EBCD98E}.AppStore|x64.Deploy.0 = Release|Any CPU
		{CD038FFE-8987-4639-BE78-E62E3EBCD98E}.AppStore|x86.ActiveCfg = Release|Any CPU
		{CD038FFE-8987-4639-BE78-E62E3EBCD98E}.AppStore|x86.Build.0 = Release|Any CPU
		{CD038FFE-8987-4639-BE78-E62E3EBCD98E}.AppStore|x86.Deploy.0 = Release|Any CPU
		{CD038FFE-8987-4639-BE78-E62E3EBCD98E}.Debug|Any CPU.ActiveCfg = Debug|Any CPU
		{CD038FFE-8987-4639-BE78-E62E3EBCD98E}.Debug|Any CPU.Build.0 = Debug|Any CPU
		{CD038FFE-8987-4639-BE78-E62E3EBCD98E}.Debug|Any CPU.Deploy.0 = Debug|Any CPU
		{CD038FFE-8987-4639-BE78-E62E3EBCD98E}.Debug|ARM.ActiveCfg = Debug|Any CPU
		{CD038FFE-8987-4639-BE78-E62E3EBCD98E}.Debug|ARM.Build.0 = Debug|Any CPU
		{CD038FFE-8987-4639-BE78-E62E3EBCD98E}.Debug|ARM.Deploy.0 = Debug|Any CPU
		{CD038FFE-8987-4639-BE78-E62E3EBCD98E}.Debug|iPhone.ActiveCfg = Debug|Any CPU
		{CD038FFE-8987-4639-BE78-E62E3EBCD98E}.Debug|iPhone.Build.0 = Debug|Any CPU
		{CD038FFE-8987-4639-BE78-E62E3EBCD98E}.Debug|iPhone.Deploy.0 = Debug|Any CPU
		{CD038FFE-8987-4639-BE78-E62E3EBCD98E}.Debug|iPhoneSimulator.ActiveCfg = Debug|Any CPU
		{CD038FFE-8987-4639-BE78-E62E3EBCD98E}.Debug|iPhoneSimulator.Build.0 = Debug|Any CPU
		{CD038FFE-8987-4639-BE78-E62E3EBCD98E}.Debug|iPhoneSimulator.Deploy.0 = Debug|Any CPU
		{CD038FFE-8987-4639-BE78-E62E3EBCD98E}.Debug|x64.ActiveCfg = Debug|Any CPU
		{CD038FFE-8987-4639-BE78-E62E3EBCD98E}.Debug|x64.Build.0 = Debug|Any CPU
		{CD038FFE-8987-4639-BE78-E62E3EBCD98E}.Debug|x64.Deploy.0 = Debug|Any CPU
		{CD038FFE-8987-4639-BE78-E62E3EBCD98E}.Debug|x86.ActiveCfg = Debug|Any CPU
		{CD038FFE-8987-4639-BE78-E62E3EBCD98E}.Debug|x86.Build.0 = Debug|Any CPU
		{CD038FFE-8987-4639-BE78-E62E3EBCD98E}.Debug|x86.Deploy.0 = Debug|Any CPU
		{CD038FFE-8987-4639-BE78-E62E3EBCD98E}.Release|Any CPU.ActiveCfg = Release|Any CPU
		{CD038FFE-8987-4639-BE78-E62E3EBCD98E}.Release|Any CPU.Build.0 = Release|Any CPU
		{CD038FFE-8987-4639-BE78-E62E3EBCD98E}.Release|Any CPU.Deploy.0 = Release|Any CPU
		{CD038FFE-8987-4639-BE78-E62E3EBCD98E}.Release|ARM.ActiveCfg = Release|Any CPU
		{CD038FFE-8987-4639-BE78-E62E3EBCD98E}.Release|ARM.Build.0 = Release|Any CPU
		{CD038FFE-8987-4639-BE78-E62E3EBCD98E}.Release|ARM.Deploy.0 = Release|Any CPU
		{CD038FFE-8987-4639-BE78-E62E3EBCD98E}.Release|iPhone.ActiveCfg = Release|Any CPU
		{CD038FFE-8987-4639-BE78-E62E3EBCD98E}.Release|iPhone.Build.0 = Release|Any CPU
		{CD038FFE-8987-4639-BE78-E62E3EBCD98E}.Release|iPhone.Deploy.0 = Release|Any CPU
		{CD038FFE-8987-4639-BE78-E62E3EBCD98E}.Release|iPhoneSimulator.ActiveCfg = Release|Any CPU
		{CD038FFE-8987-4639-BE78-E62E3EBCD98E}.Release|iPhoneSimulator.Build.0 = Release|Any CPU
		{CD038FFE-8987-4639-BE78-E62E3EBCD98E}.Release|iPhoneSimulator.Deploy.0 = Release|Any CPU
		{CD038FFE-8987-4639-BE78-E62E3EBCD98E}.Release|x64.ActiveCfg = Release|Any CPU
		{CD038FFE-8987-4639-BE78-E62E3EBCD98E}.Release|x64.Build.0 = Release|Any CPU
		{CD038FFE-8987-4639-BE78-E62E3EBCD98E}.Release|x64.Deploy.0 = Release|Any CPU
		{CD038FFE-8987-4639-BE78-E62E3EBCD98E}.Release|x86.ActiveCfg = Release|Any CPU
		{CD038FFE-8987-4639-BE78-E62E3EBCD98E}.Release|x86.Build.0 = Release|Any CPU
		{CD038FFE-8987-4639-BE78-E62E3EBCD98E}.Release|x86.Deploy.0 = Release|Any CPU
		{AD9814ED-BF57-489C-B55D-42216D982472}.Ad-Hoc|Any CPU.ActiveCfg = Ad-Hoc|iPhone
		{AD9814ED-BF57-489C-B55D-42216D982472}.Ad-Hoc|ARM.ActiveCfg = Ad-Hoc|iPhone
		{AD9814ED-BF57-489C-B55D-42216D982472}.Ad-Hoc|iPhone.ActiveCfg = Ad-Hoc|iPhone
		{AD9814ED-BF57-489C-B55D-42216D982472}.Ad-Hoc|iPhone.Build.0 = Ad-Hoc|iPhone
		{AD9814ED-BF57-489C-B55D-42216D982472}.Ad-Hoc|iPhoneSimulator.ActiveCfg = Ad-Hoc|iPhoneSimulator
		{AD9814ED-BF57-489C-B55D-42216D982472}.Ad-Hoc|iPhoneSimulator.Build.0 = Ad-Hoc|iPhoneSimulator
		{AD9814ED-BF57-489C-B55D-42216D982472}.Ad-Hoc|x64.ActiveCfg = Ad-Hoc|iPhone
		{AD9814ED-BF57-489C-B55D-42216D982472}.Ad-Hoc|x86.ActiveCfg = Ad-Hoc|iPhone
		{AD9814ED-BF57-489C-B55D-42216D982472}.AppStore|Any CPU.ActiveCfg = AppStore|iPhone
		{AD9814ED-BF57-489C-B55D-42216D982472}.AppStore|ARM.ActiveCfg = AppStore|iPhone
		{AD9814ED-BF57-489C-B55D-42216D982472}.AppStore|iPhone.ActiveCfg = AppStore|iPhone
		{AD9814ED-BF57-489C-B55D-42216D982472}.AppStore|iPhone.Build.0 = AppStore|iPhone
		{AD9814ED-BF57-489C-B55D-42216D982472}.AppStore|iPhoneSimulator.ActiveCfg = AppStore|iPhoneSimulator
		{AD9814ED-BF57-489C-B55D-42216D982472}.AppStore|iPhoneSimulator.Build.0 = AppStore|iPhoneSimulator
		{AD9814ED-BF57-489C-B55D-42216D982472}.AppStore|x64.ActiveCfg = AppStore|iPhone
		{AD9814ED-BF57-489C-B55D-42216D982472}.AppStore|x86.ActiveCfg = AppStore|iPhone
		{AD9814ED-BF57-489C-B55D-42216D982472}.Debug|Any CPU.ActiveCfg = Debug|iPhone
		{AD9814ED-BF57-489C-B55D-42216D982472}.Debug|ARM.ActiveCfg = Debug|iPhone
		{AD9814ED-BF57-489C-B55D-42216D982472}.Debug|iPhone.ActiveCfg = Debug|iPhone
		{AD9814ED-BF57-489C-B55D-42216D982472}.Debug|iPhone.Build.0 = Debug|iPhone
		{AD9814ED-BF57-489C-B55D-42216D982472}.Debug|iPhoneSimulator.ActiveCfg = Debug|iPhoneSimulator
		{AD9814ED-BF57-489C-B55D-42216D982472}.Debug|iPhoneSimulator.Build.0 = Debug|iPhoneSimulator
		{AD9814ED-BF57-489C-B55D-42216D982472}.Debug|x64.ActiveCfg = Debug|iPhone
		{AD9814ED-BF57-489C-B55D-42216D982472}.Debug|x86.ActiveCfg = Debug|iPhone
		{AD9814ED-BF57-489C-B55D-42216D982472}.Release|Any CPU.ActiveCfg = Release|iPhone
		{AD9814ED-BF57-489C-B55D-42216D982472}.Release|ARM.ActiveCfg = Release|iPhone
		{AD9814ED-BF57-489C-B55D-42216D982472}.Release|iPhone.ActiveCfg = Release|iPhone
		{AD9814ED-BF57-489C-B55D-42216D982472}.Release|iPhone.Build.0 = Release|iPhone
		{AD9814ED-BF57-489C-B55D-42216D982472}.Release|iPhoneSimulator.ActiveCfg = Release|iPhoneSimulator
		{AD9814ED-BF57-489C-B55D-42216D982472}.Release|iPhoneSimulator.Build.0 = Release|iPhoneSimulator
		{AD9814ED-BF57-489C-B55D-42216D982472}.Release|x64.ActiveCfg = Release|iPhone
		{AD9814ED-BF57-489C-B55D-42216D982472}.Release|x86.ActiveCfg = Release|iPhone
		{F6013F5B-9BB0-4131-AF87-3C7F0F22BDD0}.Ad-Hoc|Any CPU.ActiveCfg = Release|Any CPU
		{F6013F5B-9BB0-4131-AF87-3C7F0F22BDD0}.Ad-Hoc|Any CPU.Build.0 = Release|Any CPU
		{F6013F5B-9BB0-4131-AF87-3C7F0F22BDD0}.Ad-Hoc|Any CPU.Deploy.0 = Release|Any CPU
		{F6013F5B-9BB0-4131-AF87-3C7F0F22BDD0}.Ad-Hoc|ARM.ActiveCfg = Release|ARM
		{F6013F5B-9BB0-4131-AF87-3C7F0F22BDD0}.Ad-Hoc|ARM.Build.0 = Release|ARM
		{F6013F5B-9BB0-4131-AF87-3C7F0F22BDD0}.Ad-Hoc|ARM.Deploy.0 = Release|ARM
		{F6013F5B-9BB0-4131-AF87-3C7F0F22BDD0}.Ad-Hoc|iPhone.ActiveCfg = Release|Any CPU
		{F6013F5B-9BB0-4131-AF87-3C7F0F22BDD0}.Ad-Hoc|iPhone.Build.0 = Release|Any CPU
		{F6013F5B-9BB0-4131-AF87-3C7F0F22BDD0}.Ad-Hoc|iPhone.Deploy.0 = Release|Any CPU
		{F6013F5B-9BB0-4131-AF87-3C7F0F22BDD0}.Ad-Hoc|iPhoneSimulator.ActiveCfg = Release|Any CPU
		{F6013F5B-9BB0-4131-AF87-3C7F0F22BDD0}.Ad-Hoc|iPhoneSimulator.Build.0 = Release|Any CPU
		{F6013F5B-9BB0-4131-AF87-3C7F0F22BDD0}.Ad-Hoc|iPhoneSimulator.Deploy.0 = Release|Any CPU
		{F6013F5B-9BB0-4131-AF87-3C7F0F22BDD0}.Ad-Hoc|x64.ActiveCfg = Release|Any CPU
		{F6013F5B-9BB0-4131-AF87-3C7F0F22BDD0}.Ad-Hoc|x64.Build.0 = Release|Any CPU
		{F6013F5B-9BB0-4131-AF87-3C7F0F22BDD0}.Ad-Hoc|x64.Deploy.0 = Release|Any CPU
		{F6013F5B-9BB0-4131-AF87-3C7F0F22BDD0}.Ad-Hoc|x86.ActiveCfg = Release|x86
		{F6013F5B-9BB0-4131-AF87-3C7F0F22BDD0}.Ad-Hoc|x86.Build.0 = Release|x86
		{F6013F5B-9BB0-4131-AF87-3C7F0F22BDD0}.Ad-Hoc|x86.Deploy.0 = Release|x86
		{F6013F5B-9BB0-4131-AF87-3C7F0F22BDD0}.AppStore|Any CPU.ActiveCfg = Release|Any CPU
		{F6013F5B-9BB0-4131-AF87-3C7F0F22BDD0}.AppStore|Any CPU.Build.0 = Release|Any CPU
		{F6013F5B-9BB0-4131-AF87-3C7F0F22BDD0}.AppStore|Any CPU.Deploy.0 = Release|Any CPU
		{F6013F5B-9BB0-4131-AF87-3C7F0F22BDD0}.AppStore|ARM.ActiveCfg = Release|ARM
		{F6013F5B-9BB0-4131-AF87-3C7F0F22BDD0}.AppStore|ARM.Build.0 = Release|ARM
		{F6013F5B-9BB0-4131-AF87-3C7F0F22BDD0}.AppStore|ARM.Deploy.0 = Release|ARM
		{F6013F5B-9BB0-4131-AF87-3C7F0F22BDD0}.AppStore|iPhone.ActiveCfg = Release|Any CPU
		{F6013F5B-9BB0-4131-AF87-3C7F0F22BDD0}.AppStore|iPhone.Build.0 = Release|Any CPU
		{F6013F5B-9BB0-4131-AF87-3C7F0F22BDD0}.AppStore|iPhone.Deploy.0 = Release|Any CPU
		{F6013F5B-9BB0-4131-AF87-3C7F0F22BDD0}.AppStore|iPhoneSimulator.ActiveCfg = Release|Any CPU
		{F6013F5B-9BB0-4131-AF87-3C7F0F22BDD0}.AppStore|iPhoneSimulator.Build.0 = Release|Any CPU
		{F6013F5B-9BB0-4131-AF87-3C7F0F22BDD0}.AppStore|iPhoneSimulator.Deploy.0 = Release|Any CPU
		{F6013F5B-9BB0-4131-AF87-3C7F0F22BDD0}.AppStore|x64.ActiveCfg = Release|Any CPU
		{F6013F5B-9BB0-4131-AF87-3C7F0F22BDD0}.AppStore|x64.Build.0 = Release|Any CPU
		{F6013F5B-9BB0-4131-AF87-3C7F0F22BDD0}.AppStore|x64.Deploy.0 = Release|Any CPU
		{F6013F5B-9BB0-4131-AF87-3C7F0F22BDD0}.AppStore|x86.ActiveCfg = Release|x86
		{F6013F5B-9BB0-4131-AF87-3C7F0F22BDD0}.AppStore|x86.Build.0 = Release|x86
		{F6013F5B-9BB0-4131-AF87-3C7F0F22BDD0}.AppStore|x86.Deploy.0 = Release|x86
		{F6013F5B-9BB0-4131-AF87-3C7F0F22BDD0}.Debug|Any CPU.ActiveCfg = Debug|Any CPU
		{F6013F5B-9BB0-4131-AF87-3C7F0F22BDD0}.Debug|Any CPU.Build.0 = Debug|Any CPU
		{F6013F5B-9BB0-4131-AF87-3C7F0F22BDD0}.Debug|Any CPU.Deploy.0 = Debug|Any CPU
		{F6013F5B-9BB0-4131-AF87-3C7F0F22BDD0}.Debug|ARM.ActiveCfg = Debug|ARM
		{F6013F5B-9BB0-4131-AF87-3C7F0F22BDD0}.Debug|ARM.Build.0 = Debug|ARM
		{F6013F5B-9BB0-4131-AF87-3C7F0F22BDD0}.Debug|ARM.Deploy.0 = Debug|ARM
		{F6013F5B-9BB0-4131-AF87-3C7F0F22BDD0}.Debug|iPhone.ActiveCfg = Debug|Any CPU
		{F6013F5B-9BB0-4131-AF87-3C7F0F22BDD0}.Debug|iPhone.Build.0 = Debug|Any CPU
		{F6013F5B-9BB0-4131-AF87-3C7F0F22BDD0}.Debug|iPhone.Deploy.0 = Debug|Any CPU
		{F6013F5B-9BB0-4131-AF87-3C7F0F22BDD0}.Debug|iPhoneSimulator.ActiveCfg = Debug|Any CPU
		{F6013F5B-9BB0-4131-AF87-3C7F0F22BDD0}.Debug|iPhoneSimulator.Build.0 = Debug|Any CPU
		{F6013F5B-9BB0-4131-AF87-3C7F0F22BDD0}.Debug|iPhoneSimulator.Deploy.0 = Debug|Any CPU
		{F6013F5B-9BB0-4131-AF87-3C7F0F22BDD0}.Debug|x64.ActiveCfg = Debug|Any CPU
		{F6013F5B-9BB0-4131-AF87-3C7F0F22BDD0}.Debug|x64.Build.0 = Debug|Any CPU
		{F6013F5B-9BB0-4131-AF87-3C7F0F22BDD0}.Debug|x64.Deploy.0 = Debug|Any CPU
		{F6013F5B-9BB0-4131-AF87-3C7F0F22BDD0}.Debug|x86.ActiveCfg = Debug|x86
		{F6013F5B-9BB0-4131-AF87-3C7F0F22BDD0}.Debug|x86.Build.0 = Debug|x86
		{F6013F5B-9BB0-4131-AF87-3C7F0F22BDD0}.Debug|x86.Deploy.0 = Debug|x86
		{F6013F5B-9BB0-4131-AF87-3C7F0F22BDD0}.Release|Any CPU.ActiveCfg = Release|Any CPU
		{F6013F5B-9BB0-4131-AF87-3C7F0F22BDD0}.Release|Any CPU.Build.0 = Release|Any CPU
		{F6013F5B-9BB0-4131-AF87-3C7F0F22BDD0}.Release|Any CPU.Deploy.0 = Release|Any CPU
		{F6013F5B-9BB0-4131-AF87-3C7F0F22BDD0}.Release|ARM.ActiveCfg = Release|ARM
		{F6013F5B-9BB0-4131-AF87-3C7F0F22BDD0}.Release|ARM.Build.0 = Release|ARM
		{F6013F5B-9BB0-4131-AF87-3C7F0F22BDD0}.Release|ARM.Deploy.0 = Release|ARM
		{F6013F5B-9BB0-4131-AF87-3C7F0F22BDD0}.Release|iPhone.ActiveCfg = Release|Any CPU
		{F6013F5B-9BB0-4131-AF87-3C7F0F22BDD0}.Release|iPhone.Build.0 = Release|Any CPU
		{F6013F5B-9BB0-4131-AF87-3C7F0F22BDD0}.Release|iPhone.Deploy.0 = Release|Any CPU
		{F6013F5B-9BB0-4131-AF87-3C7F0F22BDD0}.Release|iPhoneSimulator.ActiveCfg = Release|Any CPU
		{F6013F5B-9BB0-4131-AF87-3C7F0F22BDD0}.Release|iPhoneSimulator.Build.0 = Release|Any CPU
		{F6013F5B-9BB0-4131-AF87-3C7F0F22BDD0}.Release|iPhoneSimulator.Deploy.0 = Release|Any CPU
		{F6013F5B-9BB0-4131-AF87-3C7F0F22BDD0}.Release|x64.ActiveCfg = Release|Any CPU
		{F6013F5B-9BB0-4131-AF87-3C7F0F22BDD0}.Release|x64.Build.0 = Release|Any CPU
		{F6013F5B-9BB0-4131-AF87-3C7F0F22BDD0}.Release|x64.Deploy.0 = Release|Any CPU
		{F6013F5B-9BB0-4131-AF87-3C7F0F22BDD0}.Release|x86.ActiveCfg = Release|x86
		{F6013F5B-9BB0-4131-AF87-3C7F0F22BDD0}.Release|x86.Build.0 = Release|x86
		{F6013F5B-9BB0-4131-AF87-3C7F0F22BDD0}.Release|x86.Deploy.0 = Release|x86
		{D40FA8B7-8697-4724-A7D5-D0F221DA8113}.Ad-Hoc|Any CPU.ActiveCfg = Release|Any CPU
		{D40FA8B7-8697-4724-A7D5-D0F221DA8113}.Ad-Hoc|Any CPU.Build.0 = Release|Any CPU
		{D40FA8B7-8697-4724-A7D5-D0F221DA8113}.Ad-Hoc|Any CPU.Deploy.0 = Release|Any CPU
		{D40FA8B7-8697-4724-A7D5-D0F221DA8113}.Ad-Hoc|ARM.ActiveCfg = Release|ARM
		{D40FA8B7-8697-4724-A7D5-D0F221DA8113}.Ad-Hoc|ARM.Build.0 = Release|ARM
		{D40FA8B7-8697-4724-A7D5-D0F221DA8113}.Ad-Hoc|ARM.Deploy.0 = Release|ARM
		{D40FA8B7-8697-4724-A7D5-D0F221DA8113}.Ad-Hoc|iPhone.ActiveCfg = Release|Any CPU
		{D40FA8B7-8697-4724-A7D5-D0F221DA8113}.Ad-Hoc|iPhone.Build.0 = Release|Any CPU
		{D40FA8B7-8697-4724-A7D5-D0F221DA8113}.Ad-Hoc|iPhone.Deploy.0 = Release|Any CPU
		{D40FA8B7-8697-4724-A7D5-D0F221DA8113}.Ad-Hoc|iPhoneSimulator.ActiveCfg = Release|Any CPU
		{D40FA8B7-8697-4724-A7D5-D0F221DA8113}.Ad-Hoc|iPhoneSimulator.Build.0 = Release|Any CPU
		{D40FA8B7-8697-4724-A7D5-D0F221DA8113}.Ad-Hoc|iPhoneSimulator.Deploy.0 = Release|Any CPU
		{D40FA8B7-8697-4724-A7D5-D0F221DA8113}.Ad-Hoc|x64.ActiveCfg = Release|x64
		{D40FA8B7-8697-4724-A7D5-D0F221DA8113}.Ad-Hoc|x64.Build.0 = Release|x64
		{D40FA8B7-8697-4724-A7D5-D0F221DA8113}.Ad-Hoc|x64.Deploy.0 = Release|x64
		{D40FA8B7-8697-4724-A7D5-D0F221DA8113}.Ad-Hoc|x86.ActiveCfg = Release|x86
		{D40FA8B7-8697-4724-A7D5-D0F221DA8113}.Ad-Hoc|x86.Build.0 = Release|x86
		{D40FA8B7-8697-4724-A7D5-D0F221DA8113}.Ad-Hoc|x86.Deploy.0 = Release|x86
		{D40FA8B7-8697-4724-A7D5-D0F221DA8113}.AppStore|Any CPU.ActiveCfg = Release|Any CPU
		{D40FA8B7-8697-4724-A7D5-D0F221DA8113}.AppStore|Any CPU.Build.0 = Release|Any CPU
		{D40FA8B7-8697-4724-A7D5-D0F221DA8113}.AppStore|Any CPU.Deploy.0 = Release|Any CPU
		{D40FA8B7-8697-4724-A7D5-D0F221DA8113}.AppStore|ARM.ActiveCfg = Release|ARM
		{D40FA8B7-8697-4724-A7D5-D0F221DA8113}.AppStore|ARM.Build.0 = Release|ARM
		{D40FA8B7-8697-4724-A7D5-D0F221DA8113}.AppStore|ARM.Deploy.0 = Release|ARM
		{D40FA8B7-8697-4724-A7D5-D0F221DA8113}.AppStore|iPhone.ActiveCfg = Release|Any CPU
		{D40FA8B7-8697-4724-A7D5-D0F221DA8113}.AppStore|iPhone.Build.0 = Release|Any CPU
		{D40FA8B7-8697-4724-A7D5-D0F221DA8113}.AppStore|iPhone.Deploy.0 = Release|Any CPU
		{D40FA8B7-8697-4724-A7D5-D0F221DA8113}.AppStore|iPhoneSimulator.ActiveCfg = Release|Any CPU
		{D40FA8B7-8697-4724-A7D5-D0F221DA8113}.AppStore|iPhoneSimulator.Build.0 = Release|Any CPU
		{D40FA8B7-8697-4724-A7D5-D0F221DA8113}.AppStore|iPhoneSimulator.Deploy.0 = Release|Any CPU
		{D40FA8B7-8697-4724-A7D5-D0F221DA8113}.AppStore|x64.ActiveCfg = Release|x64
		{D40FA8B7-8697-4724-A7D5-D0F221DA8113}.AppStore|x64.Build.0 = Release|x64
		{D40FA8B7-8697-4724-A7D5-D0F221DA8113}.AppStore|x64.Deploy.0 = Release|x64
		{D40FA8B7-8697-4724-A7D5-D0F221DA8113}.AppStore|x86.ActiveCfg = Release|x86
		{D40FA8B7-8697-4724-A7D5-D0F221DA8113}.AppStore|x86.Build.0 = Release|x86
		{D40FA8B7-8697-4724-A7D5-D0F221DA8113}.AppStore|x86.Deploy.0 = Release|x86
		{D40FA8B7-8697-4724-A7D5-D0F221DA8113}.Debug|Any CPU.ActiveCfg = Debug|Any CPU
		{D40FA8B7-8697-4724-A7D5-D0F221DA8113}.Debug|Any CPU.Build.0 = Debug|Any CPU
		{D40FA8B7-8697-4724-A7D5-D0F221DA8113}.Debug|Any CPU.Deploy.0 = Debug|Any CPU
		{D40FA8B7-8697-4724-A7D5-D0F221DA8113}.Debug|ARM.ActiveCfg = Debug|ARM
		{D40FA8B7-8697-4724-A7D5-D0F221DA8113}.Debug|ARM.Build.0 = Debug|ARM
		{D40FA8B7-8697-4724-A7D5-D0F221DA8113}.Debug|ARM.Deploy.0 = Debug|ARM
		{D40FA8B7-8697-4724-A7D5-D0F221DA8113}.Debug|iPhone.ActiveCfg = Debug|Any CPU
		{D40FA8B7-8697-4724-A7D5-D0F221DA8113}.Debug|iPhone.Build.0 = Debug|Any CPU
		{D40FA8B7-8697-4724-A7D5-D0F221DA8113}.Debug|iPhone.Deploy.0 = Debug|Any CPU
		{D40FA8B7-8697-4724-A7D5-D0F221DA8113}.Debug|iPhoneSimulator.ActiveCfg = Debug|Any CPU
		{D40FA8B7-8697-4724-A7D5-D0F221DA8113}.Debug|iPhoneSimulator.Build.0 = Debug|Any CPU
		{D40FA8B7-8697-4724-A7D5-D0F221DA8113}.Debug|iPhoneSimulator.Deploy.0 = Debug|Any CPU
		{D40FA8B7-8697-4724-A7D5-D0F221DA8113}.Debug|x64.ActiveCfg = Debug|x64
		{D40FA8B7-8697-4724-A7D5-D0F221DA8113}.Debug|x64.Build.0 = Debug|x64
		{D40FA8B7-8697-4724-A7D5-D0F221DA8113}.Debug|x64.Deploy.0 = Debug|x64
		{D40FA8B7-8697-4724-A7D5-D0F221DA8113}.Debug|x86.ActiveCfg = Debug|x86
		{D40FA8B7-8697-4724-A7D5-D0F221DA8113}.Debug|x86.Build.0 = Debug|x86
		{D40FA8B7-8697-4724-A7D5-D0F221DA8113}.Debug|x86.Deploy.0 = Debug|x86
		{D40FA8B7-8697-4724-A7D5-D0F221DA8113}.Release|Any CPU.ActiveCfg = Release|Any CPU
		{D40FA8B7-8697-4724-A7D5-D0F221DA8113}.Release|Any CPU.Build.0 = Release|Any CPU
		{D40FA8B7-8697-4724-A7D5-D0F221DA8113}.Release|Any CPU.Deploy.0 = Release|Any CPU
		{D40FA8B7-8697-4724-A7D5-D0F221DA8113}.Release|ARM.ActiveCfg = Release|ARM
		{D40FA8B7-8697-4724-A7D5-D0F221DA8113}.Release|ARM.Build.0 = Release|ARM
		{D40FA8B7-8697-4724-A7D5-D0F221DA8113}.Release|ARM.Deploy.0 = Release|ARM
		{D40FA8B7-8697-4724-A7D5-D0F221DA8113}.Release|iPhone.ActiveCfg = Release|Any CPU
		{D40FA8B7-8697-4724-A7D5-D0F221DA8113}.Release|iPhone.Build.0 = Release|Any CPU
		{D40FA8B7-8697-4724-A7D5-D0F221DA8113}.Release|iPhone.Deploy.0 = Release|Any CPU
		{D40FA8B7-8697-4724-A7D5-D0F221DA8113}.Release|iPhoneSimulator.ActiveCfg = Release|Any CPU
		{D40FA8B7-8697-4724-A7D5-D0F221DA8113}.Release|iPhoneSimulator.Build.0 = Release|Any CPU
		{D40FA8B7-8697-4724-A7D5-D0F221DA8113}.Release|iPhoneSimulator.Deploy.0 = Release|Any CPU
		{D40FA8B7-8697-4724-A7D5-D0F221DA8113}.Release|x64.ActiveCfg = Release|x64
		{D40FA8B7-8697-4724-A7D5-D0F221DA8113}.Release|x64.Build.0 = Release|x64
		{D40FA8B7-8697-4724-A7D5-D0F221DA8113}.Release|x64.Deploy.0 = Release|x64
		{D40FA8B7-8697-4724-A7D5-D0F221DA8113}.Release|x86.ActiveCfg = Release|x86
		{D40FA8B7-8697-4724-A7D5-D0F221DA8113}.Release|x86.Build.0 = Release|x86
		{D40FA8B7-8697-4724-A7D5-D0F221DA8113}.Release|x86.Deploy.0 = Release|x86
	EndGlobalSection
	GlobalSection(SolutionProperties) = preSolution
		HideSolutionNode = FALSE
	EndGlobalSection
EndGlobal
